
Microsoft Visual Studio Solution File, Format Version 12.00
# Visual Studio Version 16
VisualStudioVersion = 16.0.31702.278
MinimumVisualStudioVersion = 10.0.40219.1
Project("{FAE04EC0-301F-11D3-BF4B-00C04F79EFBC}") = "Shop", "..\Shop\Shop.csproj", "{F2570015-85EB-4036-B7AB-F35C78616B75}"
EndProject
Global
	GlobalSection(SolutionConfigurationPlatforms) = preSolution
		Debug|Any CPU = Debug|Any CPU
		Release|Any CPU = Release|Any CPU
	EndGlobalSection
	GlobalSection(ProjectConfigurationPlatforms) = postSolution
		{F2570015-85EB-4036-B7AB-F35C78616B75}.Debug|Any CPU.ActiveCfg = Debug|Any CPU
		{F2570015-85EB-4036-B7AB-F35C78616B75}.Debug|Any CPU.Build.0 = Debug|Any CPU
		{F2570015-85EB-4036-B7AB-F35C78616B75}.Release|Any CPU.ActiveCfg = Release|Any CPU
		{F2570015-85EB-4036-B7AB-F35C78616B75}.Release|Any CPU.Build.0 = Release|Any CPU
	EndGlobalSection
	GlobalSection(SolutionProperties) = preSolution
		HideSolutionNode = FALSE
	EndGlobalSection
	GlobalSection(ExtensibilityGlobals) = postSolution
		SolutionGuid = {8FACE0D1-4AC9-4905-BDD7-0C23E2E00FB2}
	EndGlobalSection
EndGlobal
