
Microsoft Visual Studio Solution File, Format Version 12.00
# Visual Studio Version 16
VisualStudioVersion = 16.0.29519.181
MinimumVisualStudioVersion = 10.0.40219.1
Project("{9A19103F-16F7-4668-BE54-9A1E7A4F7556}") = "Homework", "Homework\Homework.csproj", "{1856EAC9-7337-4029-BFAD-0B3A94E8DB22}"
EndProject
Project("{9A19103F-16F7-4668-BE54-9A1E7A4F7556}") = "Dialogue", "Dialogue\Dialogue.csproj", "{97832031-B038-4EAC-88EA-3AF3F3CF50AA}"
EndProject
Project("{9A19103F-16F7-4668-BE54-9A1E7A4F7556}") = "Guess", "Guess\Guess.csproj", "{D46B269E-FEE7-4CEE-92D1-506771C7AEB2}"
EndProject
Project("{FAE04EC0-301F-11D3-BF4B-00C04F79EFBC}") = "5.1 Homework OOP", "Homework OOP\5.1 Homework OOP.csproj", "{13E3F98F-8B5E-4440-8E96-E0C544DE11AC}"
EndProject
Project("{FAE04EC0-301F-11D3-BF4B-00C04F79EFBC}") = "5.2 Homework OOP", "5.2 Homework OOP\5.2 Homework OOP.csproj", "{3D3A883D-9357-4704-95A2-7E4B4C9F03FD}"
EndProject
Project("{FAE04EC0-301F-11D3-BF4B-00C04F79EFBC}") = "5.3 Homework (check)", "5.3 Homework (check)\5.3 Homework (check).csproj", "{1E78B653-F168-4675-BF35-F5B406979414}"
EndProject
Project("{9A19103F-16F7-4668-BE54-9A1E7A4F7556}") = "11.1 HW Array class", "Array school\11.1 HW Array class.csproj", "{7631BC55-645A-47F3-A453-C17CD338D5D9}"
EndProject
Project("{FAE04EC0-301F-11D3-BF4B-00C04F79EFBC}") = "HW 6.1 Intrface", "HW 6.1 Intrface\HW 6.1 Intrface.csproj", "{FD2DF73A-EB7D-4A4E-A5E2-777F7ACBF82B}"
EndProject
Project("{FAE04EC0-301F-11D3-BF4B-00C04F79EFBC}") = "HW 6.2 (interface + enum)", "HW 6.2 (interface + enum)\HW 6.2 (interface + enum).csproj", "{02CFCA19-79B8-48F8-8E0F-FEBCBAF258A2}"
EndProject
Project("{FAE04EC0-301F-11D3-BF4B-00C04F79EFBC}") = "HW 8.1 virtual method", "HW 8.1 virtual metod\HW 8.1 virtual method.csproj", "{9BE0C1FF-D23A-46A2-B32E-4E41A61C008A}"
EndProject
Project("{FAE04EC0-301F-11D3-BF4B-00C04F79EFBC}") = "HW 8.3 generic", "HW 8.3 generic\HW 8.3 generic.csproj", "{1AC5BAE6-777B-4F71-B5B0-C3CB7B67B402}"
EndProject
Project("{FAE04EC0-301F-11D3-BF4B-00C04F79EFBC}") = "9.1 HW constructor", "9.1 HW constructor\9.1 HW constructor.csproj", "{ED2D2C7A-D422-46D0-BD9F-F86B4E753411}"
EndProject
Project("{FAE04EC0-301F-11D3-BF4B-00C04F79EFBC}") = "9.3 HW overloaded operators", "9.3 HW overloaded operators\9.3 HW overloaded operators.csproj", "{3317A09B-AAFA-425A-9604-3FE16C99B08A}"
EndProject
Project("{FAE04EC0-301F-11D3-BF4B-00C04F79EFBC}") = "10.1 HW delegate", "10.1 HW delegate\10.1 HW delegate.csproj", "{259FE863-FBDC-4AEF-BBFE-79EC44A0FF84}"
EndProject
Project("{FAE04EC0-301F-11D3-BF4B-00C04F79EFBC}") = "10.2 HW method+ rand", "10.1 HW method+ rand\10.2 HW method+ rand.csproj", "{5A66F38E-F048-418F-8DCD-A2ABB7DE4ACD}"
EndProject
Project("{FAE04EC0-301F-11D3-BF4B-00C04F79EFBC}") = "10.3 HW delegat+ref", "10.3 HW delegat+ref\10.3 HW delegat+ref.csproj", "{89C19DA7-3F34-411B-A2F4-E73D03A7C42F}"
EndProject
Project("{FAE04EC0-301F-11D3-BF4B-00C04F79EFBC}") = "11.2 HW Linq", "11\11.2 HW Linq.csproj", "{0B4088AE-FC20-4EF9-A760-A60DB2C86D66}"
EndProject
Project("{FAE04EC0-301F-11D3-BF4B-00C04F79EFBC}") = "11.3 HW event", "11.3 HW event\11.3 HW event.csproj", "{7F83CCCF-86C5-416B-B636-7F4CBE2D90DA}"
EndProject
Project("{9A19103F-16F7-4668-BE54-9A1E7A4F7556}") = "12.2 HW add data in class", "12.3 HW\12.2 HW add data in class.csproj", "{56BAE7C4-8913-4D91-9109-4DC9DEF678D7}"
EndProject
Project("{9A19103F-16F7-4668-BE54-9A1E7A4F7556}") = "12.3 HW mini BD", "12.2 HW add data in class\12.3 HW mini BD.csproj", "{497C6580-3906-4274-BE2F-C38CC6F6641A}"
EndProject
Project("{9A19103F-16F7-4668-BE54-9A1E7A4F7556}") = "12.1  HW write data in file", "12.1  HW write data in file\12.1  HW write data in file.csproj", "{0A9E3D97-DC51-4B5D-99D8-A99A9264FF31}"
EndProject
Project("{FAE04EC0-301F-11D3-BF4B-00C04F79EFBC}") = "HW  7.1 student assessment", "HW  7.1 student assessment\HW  7.1 student assessment.csproj", "{AC41FB55-AA36-4882-A1CA-24F50A49162E}"
EndProject
Project("{FAE04EC0-301F-11D3-BF4B-00C04F79EFBC}") = "HW 15.1 thread", "HW 15.1 thread\HW 15.1 thread.csproj", "{97E155FB-DB81-4E8E-9B7D-6F3A66C1CDD4}"
EndProject
Project("{9A19103F-16F7-4668-BE54-9A1E7A4F7556}") = "HW 15.2 thread", "HW 15.2 thread\HW 15.2 thread.csproj", "{D85006CC-1F3D-4C1A-8CB9-4C3BC1E6B97C}"
EndProject
Project("{9A19103F-16F7-4668-BE54-9A1E7A4F7556}") = "HW 15.3", "HW 15.3\HW 15.3.csproj", "{5B4D596E-16B7-4CE9-B785-A33777A1B93C}"
EndProject
Project("{FAE04EC0-301F-11D3-BF4B-00C04F79EFBC}") = "16.3 HW", "16.3 HW\16.3 HW.csproj", "{D8E4419F-82DD-4776-A973-02CEB53107CE}"
EndProject
Project("{FAE04EC0-301F-11D3-BF4B-00C04F79EFBC}") = "HW 7.2 school", "HW 7.2 school\HW 7.2 school.csproj", "{43FA9B03-28FC-45F9-A670-D35AE84438EC}"
EndProject
Global
	GlobalSection(SolutionConfigurationPlatforms) = preSolution
		Debug|Any CPU = Debug|Any CPU
		Release|Any CPU = Release|Any CPU
	EndGlobalSection
	GlobalSection(ProjectConfigurationPlatforms) = postSolution
		{1856EAC9-7337-4029-BFAD-0B3A94E8DB22}.Debug|Any CPU.ActiveCfg = Debug|Any CPU
		{1856EAC9-7337-4029-BFAD-0B3A94E8DB22}.Debug|Any CPU.Build.0 = Debug|Any CPU
		{1856EAC9-7337-4029-BFAD-0B3A94E8DB22}.Release|Any CPU.ActiveCfg = Release|Any CPU
		{1856EAC9-7337-4029-BFAD-0B3A94E8DB22}.Release|Any CPU.Build.0 = Release|Any CPU
		{97832031-B038-4EAC-88EA-3AF3F3CF50AA}.Debug|Any CPU.ActiveCfg = Debug|Any CPU
		{97832031-B038-4EAC-88EA-3AF3F3CF50AA}.Debug|Any CPU.Build.0 = Debug|Any CPU
		{97832031-B038-4EAC-88EA-3AF3F3CF50AA}.Release|Any CPU.ActiveCfg = Release|Any CPU
		{97832031-B038-4EAC-88EA-3AF3F3CF50AA}.Release|Any CPU.Build.0 = Release|Any CPU
		{D46B269E-FEE7-4CEE-92D1-506771C7AEB2}.Debug|Any CPU.ActiveCfg = Debug|Any CPU
		{D46B269E-FEE7-4CEE-92D1-506771C7AEB2}.Debug|Any CPU.Build.0 = Debug|Any CPU
		{D46B269E-FEE7-4CEE-92D1-506771C7AEB2}.Release|Any CPU.ActiveCfg = Release|Any CPU
		{D46B269E-FEE7-4CEE-92D1-506771C7AEB2}.Release|Any CPU.Build.0 = Release|Any CPU
		{13E3F98F-8B5E-4440-8E96-E0C544DE11AC}.Debug|Any CPU.ActiveCfg = Debug|Any CPU
		{13E3F98F-8B5E-4440-8E96-E0C544DE11AC}.Debug|Any CPU.Build.0 = Debug|Any CPU
		{13E3F98F-8B5E-4440-8E96-E0C544DE11AC}.Release|Any CPU.ActiveCfg = Release|Any CPU
		{13E3F98F-8B5E-4440-8E96-E0C544DE11AC}.Release|Any CPU.Build.0 = Release|Any CPU
		{3D3A883D-9357-4704-95A2-7E4B4C9F03FD}.Debug|Any CPU.ActiveCfg = Debug|Any CPU
		{3D3A883D-9357-4704-95A2-7E4B4C9F03FD}.Debug|Any CPU.Build.0 = Debug|Any CPU
		{3D3A883D-9357-4704-95A2-7E4B4C9F03FD}.Release|Any CPU.ActiveCfg = Release|Any CPU
		{3D3A883D-9357-4704-95A2-7E4B4C9F03FD}.Release|Any CPU.Build.0 = Release|Any CPU
		{1E78B653-F168-4675-BF35-F5B406979414}.Debug|Any CPU.ActiveCfg = Debug|Any CPU
		{1E78B653-F168-4675-BF35-F5B406979414}.Debug|Any CPU.Build.0 = Debug|Any CPU
		{1E78B653-F168-4675-BF35-F5B406979414}.Release|Any CPU.ActiveCfg = Release|Any CPU
		{1E78B653-F168-4675-BF35-F5B406979414}.Release|Any CPU.Build.0 = Release|Any CPU
		{7631BC55-645A-47F3-A453-C17CD338D5D9}.Debug|Any CPU.ActiveCfg = Debug|Any CPU
		{7631BC55-645A-47F3-A453-C17CD338D5D9}.Debug|Any CPU.Build.0 = Debug|Any CPU
		{7631BC55-645A-47F3-A453-C17CD338D5D9}.Release|Any CPU.ActiveCfg = Release|Any CPU
		{7631BC55-645A-47F3-A453-C17CD338D5D9}.Release|Any CPU.Build.0 = Release|Any CPU
		{FD2DF73A-EB7D-4A4E-A5E2-777F7ACBF82B}.Debug|Any CPU.ActiveCfg = Debug|Any CPU
		{FD2DF73A-EB7D-4A4E-A5E2-777F7ACBF82B}.Debug|Any CPU.Build.0 = Debug|Any CPU
		{FD2DF73A-EB7D-4A4E-A5E2-777F7ACBF82B}.Release|Any CPU.ActiveCfg = Release|Any CPU
		{FD2DF73A-EB7D-4A4E-A5E2-777F7ACBF82B}.Release|Any CPU.Build.0 = Release|Any CPU
		{02CFCA19-79B8-48F8-8E0F-FEBCBAF258A2}.Debug|Any CPU.ActiveCfg = Debug|Any CPU
		{02CFCA19-79B8-48F8-8E0F-FEBCBAF258A2}.Debug|Any CPU.Build.0 = Debug|Any CPU
		{02CFCA19-79B8-48F8-8E0F-FEBCBAF258A2}.Release|Any CPU.ActiveCfg = Release|Any CPU
		{02CFCA19-79B8-48F8-8E0F-FEBCBAF258A2}.Release|Any CPU.Build.0 = Release|Any CPU
		{9BE0C1FF-D23A-46A2-B32E-4E41A61C008A}.Debug|Any CPU.ActiveCfg = Debug|Any CPU
		{9BE0C1FF-D23A-46A2-B32E-4E41A61C008A}.Debug|Any CPU.Build.0 = Debug|Any CPU
		{9BE0C1FF-D23A-46A2-B32E-4E41A61C008A}.Release|Any CPU.ActiveCfg = Release|Any CPU
		{9BE0C1FF-D23A-46A2-B32E-4E41A61C008A}.Release|Any CPU.Build.0 = Release|Any CPU
		{1AC5BAE6-777B-4F71-B5B0-C3CB7B67B402}.Debug|Any CPU.ActiveCfg = Debug|Any CPU
		{1AC5BAE6-777B-4F71-B5B0-C3CB7B67B402}.Debug|Any CPU.Build.0 = Debug|Any CPU
		{1AC5BAE6-777B-4F71-B5B0-C3CB7B67B402}.Release|Any CPU.ActiveCfg = Release|Any CPU
		{1AC5BAE6-777B-4F71-B5B0-C3CB7B67B402}.Release|Any CPU.Build.0 = Release|Any CPU
		{ED2D2C7A-D422-46D0-BD9F-F86B4E753411}.Debug|Any CPU.ActiveCfg = Debug|Any CPU
		{ED2D2C7A-D422-46D0-BD9F-F86B4E753411}.Debug|Any CPU.Build.0 = Debug|Any CPU
		{ED2D2C7A-D422-46D0-BD9F-F86B4E753411}.Release|Any CPU.ActiveCfg = Release|Any CPU
		{ED2D2C7A-D422-46D0-BD9F-F86B4E753411}.Release|Any CPU.Build.0 = Release|Any CPU
		{3317A09B-AAFA-425A-9604-3FE16C99B08A}.Debug|Any CPU.ActiveCfg = Debug|Any CPU
		{3317A09B-AAFA-425A-9604-3FE16C99B08A}.Debug|Any CPU.Build.0 = Debug|Any CPU
		{3317A09B-AAFA-425A-9604-3FE16C99B08A}.Release|Any CPU.ActiveCfg = Release|Any CPU
		{3317A09B-AAFA-425A-9604-3FE16C99B08A}.Release|Any CPU.Build.0 = Release|Any CPU
		{259FE863-FBDC-4AEF-BBFE-79EC44A0FF84}.Debug|Any CPU.ActiveCfg = Debug|Any CPU
		{259FE863-FBDC-4AEF-BBFE-79EC44A0FF84}.Debug|Any CPU.Build.0 = Debug|Any CPU
		{259FE863-FBDC-4AEF-BBFE-79EC44A0FF84}.Release|Any CPU.ActiveCfg = Release|Any CPU
		{259FE863-FBDC-4AEF-BBFE-79EC44A0FF84}.Release|Any CPU.Build.0 = Release|Any CPU
		{5A66F38E-F048-418F-8DCD-A2ABB7DE4ACD}.Debug|Any CPU.ActiveCfg = Debug|Any CPU
		{5A66F38E-F048-418F-8DCD-A2ABB7DE4ACD}.Debug|Any CPU.Build.0 = Debug|Any CPU
		{5A66F38E-F048-418F-8DCD-A2ABB7DE4ACD}.Release|Any CPU.ActiveCfg = Release|Any CPU
		{5A66F38E-F048-418F-8DCD-A2ABB7DE4ACD}.Release|Any CPU.Build.0 = Release|Any CPU
		{89C19DA7-3F34-411B-A2F4-E73D03A7C42F}.Debug|Any CPU.ActiveCfg = Debug|Any CPU
		{89C19DA7-3F34-411B-A2F4-E73D03A7C42F}.Debug|Any CPU.Build.0 = Debug|Any CPU
		{89C19DA7-3F34-411B-A2F4-E73D03A7C42F}.Release|Any CPU.ActiveCfg = Release|Any CPU
		{89C19DA7-3F34-411B-A2F4-E73D03A7C42F}.Release|Any CPU.Build.0 = Release|Any CPU
		{0B4088AE-FC20-4EF9-A760-A60DB2C86D66}.Debug|Any CPU.ActiveCfg = Debug|Any CPU
		{0B4088AE-FC20-4EF9-A760-A60DB2C86D66}.Debug|Any CPU.Build.0 = Debug|Any CPU
		{0B4088AE-FC20-4EF9-A760-A60DB2C86D66}.Release|Any CPU.ActiveCfg = Release|Any CPU
		{0B4088AE-FC20-4EF9-A760-A60DB2C86D66}.Release|Any CPU.Build.0 = Release|Any CPU
		{7F83CCCF-86C5-416B-B636-7F4CBE2D90DA}.Debug|Any CPU.ActiveCfg = Debug|Any CPU
		{7F83CCCF-86C5-416B-B636-7F4CBE2D90DA}.Debug|Any CPU.Build.0 = Debug|Any CPU
		{7F83CCCF-86C5-416B-B636-7F4CBE2D90DA}.Release|Any CPU.ActiveCfg = Release|Any CPU
		{7F83CCCF-86C5-416B-B636-7F4CBE2D90DA}.Release|Any CPU.Build.0 = Release|Any CPU
		{56BAE7C4-8913-4D91-9109-4DC9DEF678D7}.Debug|Any CPU.ActiveCfg = Debug|Any CPU
		{56BAE7C4-8913-4D91-9109-4DC9DEF678D7}.Debug|Any CPU.Build.0 = Debug|Any CPU
		{56BAE7C4-8913-4D91-9109-4DC9DEF678D7}.Release|Any CPU.ActiveCfg = Release|Any CPU
		{56BAE7C4-8913-4D91-9109-4DC9DEF678D7}.Release|Any CPU.Build.0 = Release|Any CPU
		{497C6580-3906-4274-BE2F-C38CC6F6641A}.Debug|Any CPU.ActiveCfg = Debug|Any CPU
		{497C6580-3906-4274-BE2F-C38CC6F6641A}.Debug|Any CPU.Build.0 = Debug|Any CPU
		{497C6580-3906-4274-BE2F-C38CC6F6641A}.Release|Any CPU.ActiveCfg = Release|Any CPU
		{497C6580-3906-4274-BE2F-C38CC6F6641A}.Release|Any CPU.Build.0 = Release|Any CPU
		{0A9E3D97-DC51-4B5D-99D8-A99A9264FF31}.Debug|Any CPU.ActiveCfg = Debug|Any CPU
		{0A9E3D97-DC51-4B5D-99D8-A99A9264FF31}.Debug|Any CPU.Build.0 = Debug|Any CPU
		{0A9E3D97-DC51-4B5D-99D8-A99A9264FF31}.Release|Any CPU.ActiveCfg = Release|Any CPU
		{0A9E3D97-DC51-4B5D-99D8-A99A9264FF31}.Release|Any CPU.Build.0 = Release|Any CPU
		{AC41FB55-AA36-4882-A1CA-24F50A49162E}.Debug|Any CPU.ActiveCfg = Debug|Any CPU
		{AC41FB55-AA36-4882-A1CA-24F50A49162E}.Debug|Any CPU.Build.0 = Debug|Any CPU
		{AC41FB55-AA36-4882-A1CA-24F50A49162E}.Release|Any CPU.ActiveCfg = Release|Any CPU
		{AC41FB55-AA36-4882-A1CA-24F50A49162E}.Release|Any CPU.Build.0 = Release|Any CPU
		{97E155FB-DB81-4E8E-9B7D-6F3A66C1CDD4}.Debug|Any CPU.ActiveCfg = Debug|Any CPU
		{97E155FB-DB81-4E8E-9B7D-6F3A66C1CDD4}.Debug|Any CPU.Build.0 = Debug|Any CPU
		{97E155FB-DB81-4E8E-9B7D-6F3A66C1CDD4}.Release|Any CPU.ActiveCfg = Release|Any CPU
		{97E155FB-DB81-4E8E-9B7D-6F3A66C1CDD4}.Release|Any CPU.Build.0 = Release|Any CPU
		{D85006CC-1F3D-4C1A-8CB9-4C3BC1E6B97C}.Debug|Any CPU.ActiveCfg = Debug|Any CPU
		{D85006CC-1F3D-4C1A-8CB9-4C3BC1E6B97C}.Debug|Any CPU.Build.0 = Debug|Any CPU
		{D85006CC-1F3D-4C1A-8CB9-4C3BC1E6B97C}.Release|Any CPU.ActiveCfg = Release|Any CPU
		{D85006CC-1F3D-4C1A-8CB9-4C3BC1E6B97C}.Release|Any CPU.Build.0 = Release|Any CPU
		{5B4D596E-16B7-4CE9-B785-A33777A1B93C}.Debug|Any CPU.ActiveCfg = Debug|Any CPU
		{5B4D596E-16B7-4CE9-B785-A33777A1B93C}.Debug|Any CPU.Build.0 = Debug|Any CPU
		{5B4D596E-16B7-4CE9-B785-A33777A1B93C}.Release|Any CPU.ActiveCfg = Release|Any CPU
		{5B4D596E-16B7-4CE9-B785-A33777A1B93C}.Release|Any CPU.Build.0 = Release|Any CPU
		{D8E4419F-82DD-4776-A973-02CEB53107CE}.Debug|Any CPU.ActiveCfg = Debug|Any CPU
		{D8E4419F-82DD-4776-A973-02CEB53107CE}.Debug|Any CPU.Build.0 = Debug|Any CPU
		{D8E4419F-82DD-4776-A973-02CEB53107CE}.Release|Any CPU.ActiveCfg = Release|Any CPU
		{D8E4419F-82DD-4776-A973-02CEB53107CE}.Release|Any CPU.Build.0 = Release|Any CPU
		{43FA9B03-28FC-45F9-A670-D35AE84438EC}.Debug|Any CPU.ActiveCfg = Debug|Any CPU
		{43FA9B03-28FC-45F9-A670-D35AE84438EC}.Debug|Any CPU.Build.0 = Debug|Any CPU
		{43FA9B03-28FC-45F9-A670-D35AE84438EC}.Release|Any CPU.ActiveCfg = Release|Any CPU
		{43FA9B03-28FC-45F9-A670-D35AE84438EC}.Release|Any CPU.Build.0 = Release|Any CPU
	EndGlobalSection
	GlobalSection(SolutionProperties) = preSolution
		HideSolutionNode = FALSE
	EndGlobalSection
	GlobalSection(ExtensibilityGlobals) = postSolution
		SolutionGuid = {7551C913-5854-4335-B752-64C503AAF628}
	EndGlobalSection
EndGlobal
